
Microsoft Visual Studio Solution File, Format Version 12.00
# Visual Studio 15
Project("{FAE04EC0-301F-11D3-BF4B-00C04F79EFBC}") = "Homework 5 Landon Crawford", "Homework 5 Landon Crawford.csproj", "{2F9B2EA6-F834-FD4B-C222-6FE4185BD641}"
EndProject
Global
	GlobalSection(SolutionConfigurationPlatforms) = preSolution
		Debug|Any CPU = Debug|Any CPU
		Release|Any CPU = Release|Any CPU
	EndGlobalSection
	GlobalSection(ProjectConfigurationPlatforms) = postSolution
		{2F9B2EA6-F834-FD4B-C222-6FE4185BD641}.Debug|Any CPU.ActiveCfg = Debug|Any CPU
		{2F9B2EA6-F834-FD4B-C222-6FE4185BD641}.Debug|Any CPU.Build.0 = Debug|Any CPU
		{2F9B2EA6-F834-FD4B-C222-6FE4185BD641}.Release|Any CPU.ActiveCfg = Release|Any CPU
		{2F9B2EA6-F834-FD4B-C222-6FE4185BD641}.Release|Any CPU.Build.0 = Release|Any CPU
	EndGlobalSection
	GlobalSection(SolutionProperties) = preSolution
		HideSolutionNode = FALSE
	EndGlobalSection
EndGlobal
